
Microsoft Visual Studio Solution File, Format Version 12.00
Project("{FAE04EC0-301F-11D3-BF4B-00C04F79EFBC}") = "C_sharp_RegExp", "C_sharp_RegExp\C_sharp_RegExp.csproj", "{EE4A5A32-17A2-414A-897E-78D161FD0F12}"
EndProject
Global
	GlobalSection(SolutionConfigurationPlatforms) = preSolution
		Debug|Any CPU = Debug|Any CPU
		Release|Any CPU = Release|Any CPU
	EndGlobalSection
	GlobalSection(ProjectConfigurationPlatforms) = postSolution
		{EE4A5A32-17A2-414A-897E-78D161FD0F12}.Debug|Any CPU.ActiveCfg = Debug|Any CPU
		{EE4A5A32-17A2-414A-897E-78D161FD0F12}.Debug|Any CPU.Build.0 = Debug|Any CPU
		{EE4A5A32-17A2-414A-897E-78D161FD0F12}.Release|Any CPU.ActiveCfg = Release|Any CPU
		{EE4A5A32-17A2-414A-897E-78D161FD0F12}.Release|Any CPU.Build.0 = Release|Any CPU
	EndGlobalSection
EndGlobal
